
Microsoft Visual Studio Solution File, Format Version 12.00
# Visual Studio 15
VisualStudioVersion = 15.0.26730.12
MinimumVisualStudioVersion = 10.0.40219.1
Project("{FAE04EC0-301F-11D3-BF4B-00C04F79EFBC}") = "project 2", "project 2\project 2.csproj", "{11E11044-0465-402C-ACD2-B10A129CA783}"
EndProject
Global
	GlobalSection(SolutionConfigurationPlatforms) = preSolution
		Debug|Any CPU = Debug|Any CPU
		Release|Any CPU = Release|Any CPU
	EndGlobalSection
	GlobalSection(ProjectConfigurationPlatforms) = postSolution
		{11E11044-0465-402C-ACD2-B10A129CA783}.Debug|Any CPU.ActiveCfg = Debug|Any CPU
		{11E11044-0465-402C-ACD2-B10A129CA783}.Debug|Any CPU.Build.0 = Debug|Any CPU
		{11E11044-0465-402C-ACD2-B10A129CA783}.Release|Any CPU.ActiveCfg = Release|Any CPU
		{11E11044-0465-402C-ACD2-B10A129CA783}.Release|Any CPU.Build.0 = Release|Any CPU
	EndGlobalSection
	GlobalSection(SolutionProperties) = preSolution
		HideSolutionNode = FALSE
	EndGlobalSection
	GlobalSection(ExtensibilityGlobals) = postSolution
		SolutionGuid = {9801A5FC-2014-410C-98E3-83459A2CD172}
	EndGlobalSection
EndGlobal
